
Microsoft Visual Studio Solution File, Format Version 12.00
# Visual Studio Version 17
VisualStudioVersion = 17.8.34511.84
MinimumVisualStudioVersion = 10.0.40219.1
Project("{2150E333-8FDC-42A3-9474-1A3956D46DE8}") = "ApiConsume", "ApiConsume", "{FB40AE2B-F452-40C5-81C7-35B83CCF916F}"
EndProject
Project("{2150E333-8FDC-42A3-9474-1A3956D46DE8}") = "Frontend", "Frontend", "{BB314AF5-3EF6-4692-98E1-2441A8745441}"
EndProject
Project("{9A19103F-16F7-4668-BE54-9A1E7A4F7556}") = "HotelProject.BusinessLayer", "ApiConsume\HotelProject.BusinessLayer\HotelProject.BusinessLayer.csproj", "{7ABF937C-89AA-441C-B7F2-425BF9DB7692}"
EndProject
Project("{9A19103F-16F7-4668-BE54-9A1E7A4F7556}") = "HotelProject.DataAccessLayer", "ApiConsume\HotelProject.DataAccessLayer\HotelProject.DataAccessLayer.csproj", "{A56AAB56-F65E-4D15-B870-D36176751134}"
EndProject
Project("{9A19103F-16F7-4668-BE54-9A1E7A4F7556}") = "HotelProject.DtoLayer", "ApiConsume\HotelProject.DtoLayer\HotelProject.DtoLayer.csproj", "{25CF283F-861A-44CD-B2E2-4D93B639CD3B}"
EndProject
Project("{9A19103F-16F7-4668-BE54-9A1E7A4F7556}") = "HotelProject.EntityLayer", "ApiConsume\HotelProject.EntityLayer\HotelProject.EntityLayer.csproj", "{5EC0C2C2-80D8-4BC4-80D5-1991CC27EF56}"
EndProject
Project("{9A19103F-16F7-4668-BE54-9A1E7A4F7556}") = "HotelProject.WebUI", "Frontend\HotelProject.WebUI\HotelProject.WebUI.csproj", "{8DF20216-FC16-4AA8-9D79-32E35796FDAE}"
EndProject
Project("{FAE04EC0-301F-11D3-BF4B-00C04F79EFBC}") = "HotelProject.WebApi", "ApiConsume\HotelProject.WebApi\HotelProject.WebApi.csproj", "{2317C011-2B39-4D80-808A-8D274FF9DC72}"
EndProject
Global
	GlobalSection(SolutionConfigurationPlatforms) = preSolution
		Debug|Any CPU = Debug|Any CPU
		Release|Any CPU = Release|Any CPU
	EndGlobalSection
	GlobalSection(ProjectConfigurationPlatforms) = postSolution
		{7ABF937C-89AA-441C-B7F2-425BF9DB7692}.Debug|Any CPU.ActiveCfg = Debug|Any CPU
		{7ABF937C-89AA-441C-B7F2-425BF9DB7692}.Debug|Any CPU.Build.0 = Debug|Any CPU
		{7ABF937C-89AA-441C-B7F2-425BF9DB7692}.Release|Any CPU.ActiveCfg = Release|Any CPU
		{7ABF937C-89AA-441C-B7F2-425BF9DB7692}.Release|Any CPU.Build.0 = Release|Any CPU
		{A56AAB56-F65E-4D15-B870-D36176751134}.Debug|Any CPU.ActiveCfg = Debug|Any CPU
		{A56AAB56-F65E-4D15-B870-D36176751134}.Debug|Any CPU.Build.0 = Debug|Any CPU
		{A56AAB56-F65E-4D15-B870-D36176751134}.Release|Any CPU.ActiveCfg = Release|Any CPU
		{A56AAB56-F65E-4D15-B870-D36176751134}.Release|Any CPU.Build.0 = Release|Any CPU
		{25CF283F-861A-44CD-B2E2-4D93B639CD3B}.Debug|Any CPU.ActiveCfg = Debug|Any CPU
		{25CF283F-861A-44CD-B2E2-4D93B639CD3B}.Debug|Any CPU.Build.0 = Debug|Any CPU
		{25CF283F-861A-44CD-B2E2-4D93B639CD3B}.Release|Any CPU.ActiveCfg = Release|Any CPU
		{25CF283F-861A-44CD-B2E2-4D93B639CD3B}.Release|Any CPU.Build.0 = Release|Any CPU
		{5EC0C2C2-80D8-4BC4-80D5-1991CC27EF56}.Debug|Any CPU.ActiveCfg = Debug|Any CPU
		{5EC0C2C2-80D8-4BC4-80D5-1991CC27EF56}.Debug|Any CPU.Build.0 = Debug|Any CPU
		{5EC0C2C2-80D8-4BC4-80D5-1991CC27EF56}.Release|Any CPU.ActiveCfg = Release|Any CPU
		{5EC0C2C2-80D8-4BC4-80D5-1991CC27EF56}.Release|Any CPU.Build.0 = Release|Any CPU
		{8DF20216-FC16-4AA8-9D79-32E35796FDAE}.Debug|Any CPU.ActiveCfg = Debug|Any CPU
		{8DF20216-FC16-4AA8-9D79-32E35796FDAE}.Debug|Any CPU.Build.0 = Debug|Any CPU
		{8DF20216-FC16-4AA8-9D79-32E35796FDAE}.Release|Any CPU.ActiveCfg = Release|Any CPU
		{8DF20216-FC16-4AA8-9D79-32E35796FDAE}.Release|Any CPU.Build.0 = Release|Any CPU
		{2317C011-2B39-4D80-808A-8D274FF9DC72}.Debug|Any CPU.ActiveCfg = Debug|Any CPU
		{2317C011-2B39-4D80-808A-8D274FF9DC72}.Debug|Any CPU.Build.0 = Debug|Any CPU
		{2317C011-2B39-4D80-808A-8D274FF9DC72}.Release|Any CPU.ActiveCfg = Release|Any CPU
		{2317C011-2B39-4D80-808A-8D274FF9DC72}.Release|Any CPU.Build.0 = Release|Any CPU
	EndGlobalSection
	GlobalSection(SolutionProperties) = preSolution
		HideSolutionNode = FALSE
	EndGlobalSection
	GlobalSection(NestedProjects) = preSolution
		{7ABF937C-89AA-441C-B7F2-425BF9DB7692} = {FB40AE2B-F452-40C5-81C7-35B83CCF916F}
		{A56AAB56-F65E-4D15-B870-D36176751134} = {FB40AE2B-F452-40C5-81C7-35B83CCF916F}
		{25CF283F-861A-44CD-B2E2-4D93B639CD3B} = {FB40AE2B-F452-40C5-81C7-35B83CCF916F}
		{5EC0C2C2-80D8-4BC4-80D5-1991CC27EF56} = {FB40AE2B-F452-40C5-81C7-35B83CCF916F}
		{8DF20216-FC16-4AA8-9D79-32E35796FDAE} = {BB314AF5-3EF6-4692-98E1-2441A8745441}
		{2317C011-2B39-4D80-808A-8D274FF9DC72} = {FB40AE2B-F452-40C5-81C7-35B83CCF916F}
	EndGlobalSection
	GlobalSection(ExtensibilityGlobals) = postSolution
		SolutionGuid = {2B90846A-B0A8-44A9-B02A-F415779294C5}
	EndGlobalSection
EndGlobal
